<?xml version="1.0" encoding="utf-8"?>
<Project ToolsVersion="4.0" xmlns="http://schemas.microsoft.com/developer/msbuild/2003">
  <ItemGroup>
    <Filter Include="Source Files">
      <UniqueIdentifier>{4FC737F1-C7A5-4376-A066-2A32D752A2FF}</UniqueIdentifier>
      <Extensions>cpp;c;cc;cxx;def;odl;idl;hpj;bat;asm;asmx</Extensions>
    </Filter>
    <Filter Include="Header Files">
      <UniqueIdentifier>{93995380-89BD-4b04-88EB-625FBE52EBFB}</UniqueIdentifier>
      <Extensions>h;hh;hpp;hxx;hm;inl;inc;xsd</Extensions>
    </Filter>
    <Filter Include="Resource Files">
      <UniqueIdentifier>{67DA6AB6-F800-4c08-8B7A-83BB121AAD01}</UniqueIdentifier>
      <Extensions>rc;ico;cur;bmp;dlg;rc2;rct;bin;rgs;gif;jpg;jpeg;jpe;resx;tiff;tif;png;wav;mfcribbon-ms</Extensions>
    </Filter>
    <Filter Include="support">
      <UniqueIdentifier>{986cf86c-59b3-4049-90f9-d94737e8687d}</UniqueIdentifier>
    </Filter>
  </ItemGroup>
  <ItemGroup>
    <ClCompile Include="support\c_bool.cpp">
      <Filter>support</Filter>
    </ClCompile>
    <ClCompile Include="support\tinyxml2.cpp">
      <Filter>support</Filter>
    </ClCompile>
    <ClCompile Include="source\c_drawobject.cpp">
      <Filter>Source Files</Filter>
    </ClCompile>
    <ClCompile Include="source\c_game.cpp">
      <Filter>Source Files</Filter>
    </ClCompile>
    <ClCompile Include="source\c_gameobject.cpp">
      <Filter>Source Files</Filter>
    </ClCompile>
    <ClCompile Include="source\c_hge.cpp">
      <Filter>Source Files</Filter>
    </ClCompile>
    <ClCompile Include="source\c_loadmap.cpp">
      <Filter>Source Files</Filter>
    </ClCompile>
    <ClCompile Include="source\c_player.cpp">
      <Filter>Source Files</Filter>
    </ClCompile>
    <ClCompile Include="source\main.cpp">
      <Filter>Source Files</Filter>
    </ClCompile>
    <ClCompile Include="source\c_platform.cpp">
      <Filter>Source Files</Filter>
    </ClCompile>
    <ClCompile Include="source\c_game_values.cpp">
      <Filter>Source Files</Filter>
    </ClCompile>
    <ClCompile Include="source\c_background.cpp">
      <Filter>Source Files</Filter>
    </ClCompile>
  </ItemGroup>
  <ItemGroup>
    <ClInclude Include="support\c_bool.h">
      <Filter>support</Filter>
    </ClInclude>
    <ClInclude Include="support\tinyxml2.h">
      <Filter>support</Filter>
    </ClInclude>
    <ClInclude Include="source\c_drawobject.h">
      <Filter>Header Files</Filter>
    </ClInclude>
    <ClInclude Include="source\c_game.h">
      <Filter>Header Files</Filter>
    </ClInclude>
    <ClInclude Include="source\c_gameobject.h">
      <Filter>Header Files</Filter>
    </ClInclude>
    <ClInclude Include="source\c_hge.h">
      <Filter>Header Files</Filter>
    </ClInclude>
    <ClInclude Include="source\c_loadmap.h">
      <Filter>Header Files</Filter>
    </ClInclude>
    <ClInclude Include="source\c_player.h">
      <Filter>Header Files</Filter>
    </ClInclude>
    <ClInclude Include="source\c_platform.h">
      <Filter>Header Files</Filter>
    </ClInclude>
    <ClInclude Include="source\c_game_values.h">
      <Filter>Header Files</Filter>
    </ClInclude>
    <ClInclude Include="source\c_background.h">
      <Filter>Header Files</Filter>
    </ClInclude>
  </ItemGroup>
  <ItemGroup>
    <Image Include="resources\sameangle.png">
      <Filter>Resource Files</Filter>
    </Image>
  </ItemGroup>
  <ItemGroup>
    <None Include="resources\test_tmx.tmx">
      <Filter>Resource Files</Filter>
    </None>
  </ItemGroup>
</Project>